Microsoft Visual Studio Solution File, Format Version 12.00
# Visual Studio Version 17
VisualStudioVersion = 17.5.2.0
MinimumVisualStudioVersion = 10.0.40219.1
Project("{FAE04EC0-301F-11D3-BF4B-00C04F79EFBC}") = "ApiUnity", "ApiUnity.csproj", "{0FF38DCA-2E02-C90D-88AA-E32C4623635F}"
EndProject
Global
	GlobalSection(SolutionConfigurationPlatforms) = preSolution
		Debug|Any CPU = Debug|Any CPU
		Release|Any CPU = Release|Any CPU
	EndGlobalSection
	GlobalSection(ProjectConfigurationPlatforms) = postSolution
		{0FF38DCA-2E02-C90D-88AA-E32C4623635F}.Debug|Any CPU.ActiveCfg = Debug|Any CPU
		{0FF38DCA-2E02-C90D-88AA-E32C4623635F}.Debug|Any CPU.Build.0 = Debug|Any CPU
		{0FF38DCA-2E02-C90D-88AA-E32C4623635F}.Release|Any CPU.ActiveCfg = Release|Any CPU
		{0FF38DCA-2E02-C90D-88AA-E32C4623635F}.Release|Any CPU.Build.0 = Release|Any CPU
	EndGlobalSection
	GlobalSection(SolutionProperties) = preSolution
		HideSolutionNode = FALSE
	EndGlobalSection
	GlobalSection(ExtensibilityGlobals) = postSolution
		SolutionGuid = {177BF13E-ECD0-444B-A958-C89AE0D3A566}
	EndGlobalSection
EndGlobal
